
Microsoft Visual Studio Solution File, Format Version 12.00
# Visual Studio Version 17
VisualStudioVersion = 17.5.002.0
MinimumVisualStudioVersion = 10.0.40219.1
Project("{9A19103F-16F7-4668-BE54-9A1E7A4F7556}") = "app", "app.csproj", "{6B2406B7-1DDF-43DA-9C44-D3065D50EBCF}"
EndProject
Global
	GlobalSection(SolutionConfigurationPlatforms) = preSolution
		Debug|Any CPU = Debug|Any CPU
		Release|Any CPU = Release|Any CPU
	EndGlobalSection
	GlobalSection(ProjectConfigurationPlatforms) = postSolution
		{6B2406B7-1DDF-43DA-9C44-D3065D50EBCF}.Debug|Any CPU.ActiveCfg = Debug|Any CPU
		{6B2406B7-1DDF-43DA-9C44-D3065D50EBCF}.Debug|Any CPU.Build.0 = Debug|Any CPU
		{6B2406B7-1DDF-43DA-9C44-D3065D50EBCF}.Release|Any CPU.ActiveCfg = Release|Any CPU
		{6B2406B7-1DDF-43DA-9C44-D3065D50EBCF}.Release|Any CPU.Build.0 = Release|Any CPU
	EndGlobalSection
	GlobalSection(SolutionProperties) = preSolution
		HideSolutionNode = FALSE
	EndGlobalSection
	GlobalSection(ExtensibilityGlobals) = postSolution
		SolutionGuid = {79AF4D1C-F96A-49E8-9369-F054B0143EC7}
	EndGlobalSection
EndGlobal
